// !$*UTF8*$!
{
	archiveVersion = 1;
	classes = {
	};
	objectVersion = 52;
	objects = {

/* Begin PBXBuildFile section */
		7E0F707923DD715A00EB1C5E /* MemberAccess.swift in Sources */ = {isa = PBXBuildFile; fileRef = 7E0F707823DD715A00EB1C5E /* MemberAccess.swift */; };
		7E0F707D23DD7FA000EB1C5E /* CoachViewController.swift in Sources */ = {isa = PBXBuildFile; fileRef = 7E0F707C23DD7FA000EB1C5E /* CoachViewController.swift */; };
		7E0F707F23DD7FC500EB1C5E /* CoachViewController.xib in Resources */ = {isa = PBXBuildFile; fileRef = 7E0F707E23DD7FC500EB1C5E /* CoachViewController.xib */; };
		7E0F708123DD806A00EB1C5E /* CoachViewModel.swift in Sources */ = {isa = PBXBuildFile; fileRef = 7E0F708023DD806A00EB1C5E /* CoachViewModel.swift */; };
		7E0F708323DDC39100EB1C5E /* WNAuthError.swift in Sources */ = {isa = PBXBuildFile; fileRef = 7E0F708223DDC39100EB1C5E /* WNAuthError.swift */; };
		7E2776BF23CB7BE900B90F80 /* UIControl+Subscription.swift in Sources */ = {isa = PBXBuildFile; fileRef = 7E2776BE23CB7BE900B90F80 /* UIControl+Subscription.swift */; };
		7E2776C123CB7C6D00B90F80 /* UIControl+Publisher.swift in Sources */ = {isa = PBXBuildFile; fileRef = 7E2776C023CB7C6D00B90F80 /* UIControl+Publisher.swift */; };
		7E2776C323CB7CDD00B90F80 /* UIControl+CombineCompatible.swift in Sources */ = {isa = PBXBuildFile; fileRef = 7E2776C223CB7CDD00B90F80 /* UIControl+CombineCompatible.swift */; };
		7E27772123CF7A5400B90F80 /* UnderlineTextFieldView.swift in Sources */ = {isa = PBXBuildFile; fileRef = 7E27772023CF7A5400B90F80 /* UnderlineTextFieldView.swift */; };
		7E27772323CF7A7700B90F80 /* UnderlineTextFieldView.xib in Resources */ = {isa = PBXBuildFile; fileRef = 7E27772223CF7A7700B90F80 /* UnderlineTextFieldView.xib */; };
		7E27772623CF7DEE00B90F80 /* UnderlineTextFieldViewModel.swift in Sources */ = {isa = PBXBuildFile; fileRef = 7E27772523CF7DEE00B90F80 /* UnderlineTextFieldViewModel.swift */; };
		7E27772823CF7F3000B90F80 /* HasViewModel.swift in Sources */ = {isa = PBXBuildFile; fileRef = 7E27772723CF7F3000B90F80 /* HasViewModel.swift */; };
		7E27772D23D2DF3F00B90F80 /* Spoqa Han Sans Light.ttf in Resources */ = {isa = PBXBuildFile; fileRef = 7E27772923D2DF3F00B90F80 /* Spoqa Han Sans Light.ttf */; };
		7E27772E23D2DF3F00B90F80 /* Spoqa Han Sans Bold.ttf in Resources */ = {isa = PBXBuildFile; fileRef = 7E27772A23D2DF3F00B90F80 /* Spoqa Han Sans Bold.ttf */; };
		7E27772F23D2DF3F00B90F80 /* Spoqa Han Sans Regular.ttf in Resources */ = {isa = PBXBuildFile; fileRef = 7E27772B23D2DF3F00B90F80 /* Spoqa Han Sans Regular.ttf */; };
		7E27773023D2DF3F00B90F80 /* Spoqa Han Sans Thin.ttf in Resources */ = {isa = PBXBuildFile; fileRef = 7E27772C23D2DF3F00B90F80 /* Spoqa Han Sans Thin.ttf */; };
		7E27773223D2EC1D00B90F80 /* Font+Custom.swift in Sources */ = {isa = PBXBuildFile; fileRef = 7E27773123D2EC1D00B90F80 /* Font+Custom.swift */; };
		7E5D4F5223CB22EC0008D92D /* APIConfig.swift in Sources */ = {isa = PBXBuildFile; fileRef = 7E5D4F5123CB22EC0008D92D /* APIConfig.swift */; };
		7E5D4F5423CB256B0008D92D /* Member.swift in Sources */ = {isa = PBXBuildFile; fileRef = 7E5D4F5323CB256B0008D92D /* Member.swift */; };
		7E5D4F5623CB2F3F0008D92D /* Token.swift in Sources */ = {isa = PBXBuildFile; fileRef = 7E5D4F5523CB2F3F0008D92D /* Token.swift */; };
		7E604FB123C1CEAB00842B72 /* Moya in Frameworks */ = {isa = PBXBuildFile; productRef = 7E604FB023C1CEAB00842B72 /* Moya */; };
		7E604FB423C1CF0E00842B72 /* KeychainAccess in Frameworks */ = {isa = PBXBuildFile; productRef = 7E604FB323C1CF0E00842B72 /* KeychainAccess */; };
		7E604FB723C1CF8A00842B72 /* Kingfisher in Frameworks */ = {isa = PBXBuildFile; productRef = 7E604FB623C1CF8A00842B72 /* Kingfisher */; };
		7E651EC023C393E200C43CFA /* KeychainProvider.swift in Sources */ = {isa = PBXBuildFile; fileRef = 7E651EBF23C393E200C43CFA /* KeychainProvider.swift */; };
		7E651EC223C4EB4200C43CFA /* KeychainTests.swift in Sources */ = {isa = PBXBuildFile; fileRef = 7E651EC123C4EB4200C43CFA /* KeychainTests.swift */; };
		7E662F5423D74A9F005A68B7 /* MemberTarget.swift in Sources */ = {isa = PBXBuildFile; fileRef = 7E662F5323D74A9F005A68B7 /* MemberTarget.swift */; };
		7E68A70523B49C2D0021371D /* AppDelegate.swift in Sources */ = {isa = PBXBuildFile; fileRef = 7E68A70423B49C2D0021371D /* AppDelegate.swift */; };
		7E68A70723B49C2D0021371D /* SceneDelegate.swift in Sources */ = {isa = PBXBuildFile; fileRef = 7E68A70623B49C2D0021371D /* SceneDelegate.swift */; };
		7E68A70E23B49C2F0021371D /* Assets.xcassets in Resources */ = {isa = PBXBuildFile; fileRef = 7E68A70D23B49C2F0021371D /* Assets.xcassets */; };
		7E68A71123B49C2F0021371D /* LaunchScreen.storyboard in Resources */ = {isa = PBXBuildFile; fileRef = 7E68A70F23B49C2F0021371D /* LaunchScreen.storyboard */; };
		7E68A72723B49E4E0021371D /* SignupViewController.swift in Sources */ = {isa = PBXBuildFile; fileRef = 7E68A72623B49E4E0021371D /* SignupViewController.swift */; };
		7E68A72A23B49FDC0021371D /* ViewModelInjectable.swift in Sources */ = {isa = PBXBuildFile; fileRef = 7E68A72923B49FDC0021371D /* ViewModelInjectable.swift */; };
		7E68A72E23B4A00B0021371D /* SignupViewModel.swift in Sources */ = {isa = PBXBuildFile; fileRef = 7E68A72D23B4A00B0021371D /* SignupViewModel.swift */; };
		7E68A73023B4A0B10021371D /* SignupTests.swift in Sources */ = {isa = PBXBuildFile; fileRef = 7E68A72F23B4A0B10021371D /* SignupTests.swift */; };
		7E68A73323B4A9880021371D /* Array+Subscript.swift in Sources */ = {isa = PBXBuildFile; fileRef = 7E68A73223B4A9880021371D /* Array+Subscript.swift */; };
		7E68A73523B4A9A70021371D /* NSObject+Properties.swift in Sources */ = {isa = PBXBuildFile; fileRef = 7E68A73423B4A9A70021371D /* NSObject+Properties.swift */; };
		7E68A73723B4A9D20021371D /* UIColor+Initializers.swift in Sources */ = {isa = PBXBuildFile; fileRef = 7E68A73623B4A9D20021371D /* UIColor+Initializers.swift */; };
		7E68A73923B4AA0A0021371D /* UIView+Nib.swift in Sources */ = {isa = PBXBuildFile; fileRef = 7E68A73823B4AA090021371D /* UIView+Nib.swift */; };
		7E68A73B23B4AA890021371D /* SignupViewController.xib in Resources */ = {isa = PBXBuildFile; fileRef = 7E68A73A23B4AA890021371D /* SignupViewController.xib */; };
		7E6F80F223E4672100C97F35 /* GroupTarget.swift in Sources */ = {isa = PBXBuildFile; fileRef = 7E6F80F123E4672100C97F35 /* GroupTarget.swift */; };
		7E6F80F523E46FA200C97F35 /* CreateGroupViewModel.swift in Sources */ = {isa = PBXBuildFile; fileRef = 7E6F80F423E46FA200C97F35 /* CreateGroupViewModel.swift */; };
		7E6F80F723E46FB000C97F35 /* UserCodeViewModel.swift in Sources */ = {isa = PBXBuildFile; fileRef = 7E6F80F623E46FB000C97F35 /* UserCodeViewModel.swift */; };
		7E6F80FB23E47A7C00C97F35 /* CreateGroupCodeViewModel.swift in Sources */ = {isa = PBXBuildFile; fileRef = 7E6F80FA23E47A7C00C97F35 /* CreateGroupCodeViewModel.swift */; };
		7E6F80FE23E47CDC00C97F35 /* SwiftyJSON in Frameworks */ = {isa = PBXBuildFile; productRef = 7E6F80FD23E47CDC00C97F35 /* SwiftyJSON */; };
		7E6F810023E4849400C97F35 /* NewbiewViewModelProtocol.swift in Sources */ = {isa = PBXBuildFile; fileRef = 7E6F80FF23E4849400C97F35 /* NewbiewViewModelProtocol.swift */; };
		7E6F810323E58E5600C97F35 /* HomeViewController.swift in Sources */ = {isa = PBXBuildFile; fileRef = 7E6F810223E58E5600C97F35 /* HomeViewController.swift */; };
		7E6F810523E58EB800C97F35 /* HomeViewController.xib in Resources */ = {isa = PBXBuildFile; fileRef = 7E6F810423E58EB800C97F35 /* HomeViewController.xib */; };
		7E6F810723E58EC300C97F35 /* HomeViewModel.swift in Sources */ = {isa = PBXBuildFile; fileRef = 7E6F810623E58EC300C97F35 /* HomeViewModel.swift */; };
		7E7A6D3B23DDEE2D0086EF88 /* LaunchingTaskViewController.swift in Sources */ = {isa = PBXBuildFile; fileRef = 7E7A6D3A23DDEE2D0086EF88 /* LaunchingTaskViewController.swift */; };
		7E7A6D3D23DDEE510086EF88 /* LaunchingTaskViewController.xib in Resources */ = {isa = PBXBuildFile; fileRef = 7E7A6D3C23DDEE510086EF88 /* LaunchingTaskViewController.xib */; };
		7E7A953D23E1E303000DAAE0 /* NewbieViewController.swift in Sources */ = {isa = PBXBuildFile; fileRef = 7E7A953C23E1E303000DAAE0 /* NewbieViewController.swift */; };
		7E7A953F23E1E31B000DAAE0 /* NewbieViewController.xib in Resources */ = {isa = PBXBuildFile; fileRef = 7E7A953E23E1E31B000DAAE0 /* NewbieViewController.xib */; };
		7E9F6A8823D35AE600E78027 /* SubmitButton.swift in Sources */ = {isa = PBXBuildFile; fileRef = 7E9F6A8723D35AE600E78027 /* SubmitButton.swift */; };
		7E9F6A8B23D35B8E00E78027 /* WNColor.swift in Sources */ = {isa = PBXBuildFile; fileRef = 7E9F6A8A23D35B8E00E78027 /* WNColor.swift */; };
		7E9F6A8D23D360B500E78027 /* UIView+properties.swift in Sources */ = {isa = PBXBuildFile; fileRef = 7E9F6A8C23D360B500E78027 /* UIView+properties.swift */; };
		7EB3C39323C9B9A500A2B41C /* OnBoardingViewController.swift in Sources */ = {isa = PBXBuildFile; fileRef = 7EB3C39223C9B9A500A2B41C /* OnBoardingViewController.swift */; };
		7EB3C39523C9B9E500A2B41C /* OnBoardingViewController.xib in Resources */ = {isa = PBXBuildFile; fileRef = 7EB3C39423C9B9E500A2B41C /* OnBoardingViewController.xib */; };
		7EB3C3B923C9E49700A2B41C /* SignInViewController.swift in Sources */ = {isa = PBXBuildFile; fileRef = 7EB3C3B823C9E49700A2B41C /* SignInViewController.swift */; };
		7EB3C3BB23C9E4A100A2B41C /* SignInViewController.xib in Resources */ = {isa = PBXBuildFile; fileRef = 7EB3C3BA23C9E4A100A2B41C /* SignInViewController.xib */; };
		7EB3C3BE23C9EA8D00A2B41C /* AuthProvider.swift in Sources */ = {isa = PBXBuildFile; fileRef = 7EB3C3BD23C9EA8D00A2B41C /* AuthProvider.swift */; };
		7EB3C3C023C9EAA700A2B41C /* AuthTarget.swift in Sources */ = {isa = PBXBuildFile; fileRef = 7EB3C3BF23C9EAA700A2B41C /* AuthTarget.swift */; };
		7EB3C3C423C9ECF100A2B41C /* SignInViewModel.swift in Sources */ = {isa = PBXBuildFile; fileRef = 7EB3C3C323C9ECF100A2B41C /* SignInViewModel.swift */; };
/* End PBXBuildFile section */

/* Begin PBXContainerItemProxy section */
		7E68A71823B49C2F0021371D /* PBXContainerItemProxy */ = {
			isa = PBXContainerItemProxy;
			containerPortal = 7E68A6F923B49C2D0021371D /* Project object */;
			proxyType = 1;
			remoteGlobalIDString = 7E68A70023B49C2D0021371D;
			remoteInfo = CheckThat;
		};
/* End PBXContainerItemProxy section */

/* Begin PBXFileReference section */
		7E0F707823DD715A00EB1C5E /* MemberAccess.swift */ = {isa = PBXFileReference; lastKnownFileType = sourcecode.swift; path = MemberAccess.swift; sourceTree = "<group>"; };
		7E0F707C23DD7FA000EB1C5E /* CoachViewController.swift */ = {isa = PBXFileReference; lastKnownFileType = sourcecode.swift; path = CoachViewController.swift; sourceTree = "<group>"; };
		7E0F707E23DD7FC500EB1C5E /* CoachViewController.xib */ = {isa = PBXFileReference; lastKnownFileType = file.xib; path = CoachViewController.xib; sourceTree = "<group>"; };
		7E0F708023DD806A00EB1C5E /* CoachViewModel.swift */ = {isa = PBXFileReference; lastKnownFileType = sourcecode.swift; path = CoachViewModel.swift; sourceTree = "<group>"; };
		7E0F708223DDC39100EB1C5E /* WNAuthError.swift */ = {isa = PBXFileReference; lastKnownFileType = sourcecode.swift; path = WNAuthError.swift; sourceTree = "<group>"; };
		7E2776BE23CB7BE900B90F80 /* UIControl+Subscription.swift */ = {isa = PBXFileReference; lastKnownFileType = sourcecode.swift; path = "UIControl+Subscription.swift"; sourceTree = "<group>"; };
		7E2776C023CB7C6D00B90F80 /* UIControl+Publisher.swift */ = {isa = PBXFileReference; lastKnownFileType = sourcecode.swift; path = "UIControl+Publisher.swift"; sourceTree = "<group>"; };
		7E2776C223CB7CDD00B90F80 /* UIControl+CombineCompatible.swift */ = {isa = PBXFileReference; lastKnownFileType = sourcecode.swift; path = "UIControl+CombineCompatible.swift"; sourceTree = "<group>"; };
		7E27772023CF7A5400B90F80 /* UnderlineTextFieldView.swift */ = {isa = PBXFileReference; lastKnownFileType = sourcecode.swift; path = UnderlineTextFieldView.swift; sourceTree = "<group>"; };
		7E27772223CF7A7700B90F80 /* UnderlineTextFieldView.xib */ = {isa = PBXFileReference; lastKnownFileType = file.xib; path = UnderlineTextFieldView.xib; sourceTree = "<group>"; };
		7E27772523CF7DEE00B90F80 /* UnderlineTextFieldViewModel.swift */ = {isa = PBXFileReference; lastKnownFileType = sourcecode.swift; path = UnderlineTextFieldViewModel.swift; sourceTree = "<group>"; };
		7E27772723CF7F3000B90F80 /* HasViewModel.swift */ = {isa = PBXFileReference; lastKnownFileType = sourcecode.swift; path = HasViewModel.swift; sourceTree = "<group>"; };
		7E27772923D2DF3F00B90F80 /* Spoqa Han Sans Light.ttf */ = {isa = PBXFileReference; lastKnownFileType = file; path = "Spoqa Han Sans Light.ttf"; sourceTree = "<group>"; };
		7E27772A23D2DF3F00B90F80 /* Spoqa Han Sans Bold.ttf */ = {isa = PBXFileReference; lastKnownFileType = file; path = "Spoqa Han Sans Bold.ttf"; sourceTree = "<group>"; };
		7E27772B23D2DF3F00B90F80 /* Spoqa Han Sans Regular.ttf */ = {isa = PBXFileReference; lastKnownFileType = file; path = "Spoqa Han Sans Regular.ttf"; sourceTree = "<group>"; };
		7E27772C23D2DF3F00B90F80 /* Spoqa Han Sans Thin.ttf */ = {isa = PBXFileReference; lastKnownFileType = file; path = "Spoqa Han Sans Thin.ttf"; sourceTree = "<group>"; };
		7E27773123D2EC1D00B90F80 /* Font+Custom.swift */ = {isa = PBXFileReference; lastKnownFileType = sourcecode.swift; path = "Font+Custom.swift"; sourceTree = "<group>"; };
		7E5D4F5123CB22EC0008D92D /* APIConfig.swift */ = {isa = PBXFileReference; lastKnownFileType = sourcecode.swift; path = APIConfig.swift; sourceTree = "<group>"; };
		7E5D4F5323CB256B0008D92D /* Member.swift */ = {isa = PBXFileReference; lastKnownFileType = sourcecode.swift; path = Member.swift; sourceTree = "<group>"; };
		7E5D4F5523CB2F3F0008D92D /* Token.swift */ = {isa = PBXFileReference; lastKnownFileType = sourcecode.swift; path = Token.swift; sourceTree = "<group>"; };
		7E651EBF23C393E200C43CFA /* KeychainProvider.swift */ = {isa = PBXFileReference; lastKnownFileType = sourcecode.swift; path = KeychainProvider.swift; sourceTree = "<group>"; };
		7E651EC123C4EB4200C43CFA /* KeychainTests.swift */ = {isa = PBXFileReference; lastKnownFileType = sourcecode.swift; path = KeychainTests.swift; sourceTree = "<group>"; };
		7E662F5323D74A9F005A68B7 /* MemberTarget.swift */ = {isa = PBXFileReference; lastKnownFileType = sourcecode.swift; path = MemberTarget.swift; sourceTree = "<group>"; };
		7E68A70123B49C2D0021371D /* WatNi.app */ = {isa = PBXFileReference; explicitFileType = wrapper.application; includeInIndex = 0; path = WatNi.app; sourceTree = BUILT_PRODUCTS_DIR; };
		7E68A70423B49C2D0021371D /* AppDelegate.swift */ = {isa = PBXFileReference; lastKnownFileType = sourcecode.swift; path = AppDelegate.swift; sourceTree = "<group>"; };
		7E68A70623B49C2D0021371D /* SceneDelegate.swift */ = {isa = PBXFileReference; lastKnownFileType = sourcecode.swift; path = SceneDelegate.swift; sourceTree = "<group>"; };
		7E68A70D23B49C2F0021371D /* Assets.xcassets */ = {isa = PBXFileReference; lastKnownFileType = folder.assetcatalog; path = Assets.xcassets; sourceTree = "<group>"; };
		7E68A71023B49C2F0021371D /* Base */ = {isa = PBXFileReference; lastKnownFileType = file.storyboard; name = Base; path = Base.lproj/LaunchScreen.storyboard; sourceTree = "<group>"; };
		7E68A71223B49C2F0021371D /* Info.plist */ = {isa = PBXFileReference; lastKnownFileType = text.plist.xml; path = Info.plist; sourceTree = "<group>"; };
		7E68A71723B49C2F0021371D /* WatNiTests.xctest */ = {isa = PBXFileReference; explicitFileType = wrapper.cfbundle; includeInIndex = 0; path = WatNiTests.xctest; sourceTree = BUILT_PRODUCTS_DIR; };
		7E68A71D23B49C2F0021371D /* Info.plist */ = {isa = PBXFileReference; lastKnownFileType = text.plist.xml; path = Info.plist; sourceTree = "<group>"; };
		7E68A72623B49E4E0021371D /* SignupViewController.swift */ = {isa = PBXFileReference; lastKnownFileType = sourcecode.swift; path = SignupViewController.swift; sourceTree = "<group>"; };
		7E68A72923B49FDC0021371D /* ViewModelInjectable.swift */ = {isa = PBXFileReference; lastKnownFileType = sourcecode.swift; path = ViewModelInjectable.swift; sourceTree = "<group>"; };
		7E68A72D23B4A00B0021371D /* SignupViewModel.swift */ = {isa = PBXFileReference; lastKnownFileType = sourcecode.swift; path = SignupViewModel.swift; sourceTree = "<group>"; };
		7E68A72F23B4A0B10021371D /* SignupTests.swift */ = {isa = PBXFileReference; lastKnownFileType = sourcecode.swift; path = SignupTests.swift; sourceTree = "<group>"; };
		7E68A73223B4A9880021371D /* Array+Subscript.swift */ = {isa = PBXFileReference; lastKnownFileType = sourcecode.swift; path = "Array+Subscript.swift"; sourceTree = "<group>"; };
		7E68A73423B4A9A70021371D /* NSObject+Properties.swift */ = {isa = PBXFileReference; lastKnownFileType = sourcecode.swift; path = "NSObject+Properties.swift"; sourceTree = "<group>"; };
		7E68A73623B4A9D20021371D /* UIColor+Initializers.swift */ = {isa = PBXFileReference; lastKnownFileType = sourcecode.swift; path = "UIColor+Initializers.swift"; sourceTree = "<group>"; };
		7E68A73823B4AA090021371D /* UIView+Nib.swift */ = {isa = PBXFileReference; lastKnownFileType = sourcecode.swift; path = "UIView+Nib.swift"; sourceTree = "<group>"; };
		7E68A73A23B4AA890021371D /* SignupViewController.xib */ = {isa = PBXFileReference; lastKnownFileType = file.xib; path = SignupViewController.xib; sourceTree = "<group>"; };
		7E6E183423E33BB000E395DD /* WatNi.xcconfig */ = {isa = PBXFileReference; lastKnownFileType = text.xcconfig; path = WatNi.xcconfig; sourceTree = "<group>"; };
		7E6F80F123E4672100C97F35 /* GroupTarget.swift */ = {isa = PBXFileReference; lastKnownFileType = sourcecode.swift; path = GroupTarget.swift; sourceTree = "<group>"; };
		7E6F80F423E46FA200C97F35 /* CreateGroupViewModel.swift */ = {isa = PBXFileReference; lastKnownFileType = sourcecode.swift; path = CreateGroupViewModel.swift; sourceTree = "<group>"; };
		7E6F80F623E46FB000C97F35 /* UserCodeViewModel.swift */ = {isa = PBXFileReference; lastKnownFileType = sourcecode.swift; path = UserCodeViewModel.swift; sourceTree = "<group>"; };
		7E6F80FA23E47A7C00C97F35 /* CreateGroupCodeViewModel.swift */ = {isa = PBXFileReference; fileEncoding = 4; lastKnownFileType = sourcecode.swift; path = CreateGroupCodeViewModel.swift; sourceTree = "<group>"; };
		7E6F80FF23E4849400C97F35 /* NewbiewViewModelProtocol.swift */ = {isa = PBXFileReference; lastKnownFileType = sourcecode.swift; path = NewbiewViewModelProtocol.swift; sourceTree = "<group>"; };
		7E6F810223E58E5600C97F35 /* HomeViewController.swift */ = {isa = PBXFileReference; lastKnownFileType = sourcecode.swift; path = HomeViewController.swift; sourceTree = "<group>"; };
		7E6F810423E58EB800C97F35 /* HomeViewController.xib */ = {isa = PBXFileReference; lastKnownFileType = file.xib; path = HomeViewController.xib; sourceTree = "<group>"; };
		7E6F810623E58EC300C97F35 /* HomeViewModel.swift */ = {isa = PBXFileReference; lastKnownFileType = sourcecode.swift; path = HomeViewModel.swift; sourceTree = "<group>"; };
		7E7A6D3A23DDEE2D0086EF88 /* LaunchingTaskViewController.swift */ = {isa = PBXFileReference; lastKnownFileType = sourcecode.swift; path = LaunchingTaskViewController.swift; sourceTree = "<group>"; };
		7E7A6D3C23DDEE510086EF88 /* LaunchingTaskViewController.xib */ = {isa = PBXFileReference; lastKnownFileType = file.xib; path = LaunchingTaskViewController.xib; sourceTree = "<group>"; };
		7E7A953C23E1E303000DAAE0 /* NewbieViewController.swift */ = {isa = PBXFileReference; lastKnownFileType = sourcecode.swift; path = NewbieViewController.swift; sourceTree = "<group>"; };
		7E7A953E23E1E31B000DAAE0 /* NewbieViewController.xib */ = {isa = PBXFileReference; lastKnownFileType = file.xib; path = NewbieViewController.xib; sourceTree = "<group>"; };
		7E9F6A8723D35AE600E78027 /* SubmitButton.swift */ = {isa = PBXFileReference; lastKnownFileType = sourcecode.swift; path = SubmitButton.swift; sourceTree = "<group>"; };
		7E9F6A8A23D35B8E00E78027 /* WNColor.swift */ = {isa = PBXFileReference; lastKnownFileType = sourcecode.swift; path = WNColor.swift; sourceTree = "<group>"; };
		7E9F6A8C23D360B500E78027 /* UIView+properties.swift */ = {isa = PBXFileReference; lastKnownFileType = sourcecode.swift; path = "UIView+properties.swift"; sourceTree = "<group>"; };
		7EB3C39223C9B9A500A2B41C /* OnBoardingViewController.swift */ = {isa = PBXFileReference; lastKnownFileType = sourcecode.swift; path = OnBoardingViewController.swift; sourceTree = "<group>"; };
		7EB3C39423C9B9E500A2B41C /* OnBoardingViewController.xib */ = {isa = PBXFileReference; lastKnownFileType = file.xib; path = OnBoardingViewController.xib; sourceTree = "<group>"; };
		7EB3C3B823C9E49700A2B41C /* SignInViewController.swift */ = {isa = PBXFileReference; lastKnownFileType = sourcecode.swift; path = SignInViewController.swift; sourceTree = "<group>"; };
		7EB3C3BA23C9E4A100A2B41C /* SignInViewController.xib */ = {isa = PBXFileReference; lastKnownFileType = file.xib; path = SignInViewController.xib; sourceTree = "<group>"; };
		7EB3C3BD23C9EA8D00A2B41C /* AuthProvider.swift */ = {isa = PBXFileReference; lastKnownFileType = sourcecode.swift; path = AuthProvider.swift; sourceTree = "<group>"; };
		7EB3C3BF23C9EAA700A2B41C /* AuthTarget.swift */ = {isa = PBXFileReference; lastKnownFileType = sourcecode.swift; path = AuthTarget.swift; sourceTree = "<group>"; };
		7EB3C3C323C9ECF100A2B41C /* SignInViewModel.swift */ = {isa = PBXFileReference; lastKnownFileType = sourcecode.swift; path = SignInViewModel.swift; sourceTree = "<group>"; };
/* End PBXFileReference section */

/* Begin PBXFrameworksBuildPhase section */
		7E68A6FE23B49C2D0021371D /* Frameworks */ = {
			isa = PBXFrameworksBuildPhase;
			buildActionMask = 2147483647;
			files = (
				7E604FB723C1CF8A00842B72 /* Kingfisher in Frameworks */,
				7E604FB423C1CF0E00842B72 /* KeychainAccess in Frameworks */,
				7E6F80FE23E47CDC00C97F35 /* SwiftyJSON in Frameworks */,
				7E604FB123C1CEAB00842B72 /* Moya in Frameworks */,
			);
			runOnlyForDeploymentPostprocessing = 0;
		};
		7E68A71423B49C2F0021371D /* Frameworks */ = {
			isa = PBXFrameworksBuildPhase;
			buildActionMask = 2147483647;
			files = (
			);
			runOnlyForDeploymentPostprocessing = 0;
		};
/* End PBXFrameworksBuildPhase section */

/* Begin PBXGroup section */
		7E0F707A23DD716D00EB1C5E /* ModelLayer */ = {
			isa = PBXGroup;
			children = (
				7E0F707823DD715A00EB1C5E /* MemberAccess.swift */,
			);
			path = ModelLayer;
			sourceTree = "<group>";
		};
		7E0F707B23DD7EF600EB1C5E /* Coach */ = {
			isa = PBXGroup;
			children = (
				7E0F707C23DD7FA000EB1C5E /* CoachViewController.swift */,
				7E0F707E23DD7FC500EB1C5E /* CoachViewController.xib */,
				7E0F708023DD806A00EB1C5E /* CoachViewModel.swift */,
			);
			path = Coach;
			sourceTree = "<group>";
		};
		7E0F708523DDC3CB00EB1C5E /* Error */ = {
			isa = PBXGroup;
			children = (
				7E0F708223DDC39100EB1C5E /* WNAuthError.swift */,
			);
			path = Error;
			sourceTree = "<group>";
		};
		7E27771A23CF781500B90F80 /* Combine */ = {
			isa = PBXGroup;
			children = (
				7E2776BE23CB7BE900B90F80 /* UIControl+Subscription.swift */,
				7E2776C023CB7C6D00B90F80 /* UIControl+Publisher.swift */,
				7E2776C223CB7CDD00B90F80 /* UIControl+CombineCompatible.swift */,
			);
			path = Combine;
			sourceTree = "<group>";
		};
		7E27771B23CF793900B90F80 /* UnderlineTextField */ = {
			isa = PBXGroup;
			children = (
				7E27772023CF7A5400B90F80 /* UnderlineTextFieldView.swift */,
				7E27772223CF7A7700B90F80 /* UnderlineTextFieldView.xib */,
				7E27772523CF7DEE00B90F80 /* UnderlineTextFieldViewModel.swift */,
			);
			path = UnderlineTextField;
			sourceTree = "<group>";
		};
		7E5D4F5823CB4A6C0008D92D /* UIWidgets */ = {
			isa = PBXGroup;
			children = (
				7E6F810123E58E4900C97F35 /* Home */,
				7E7A953B23E1E299000DAAE0 /* Newbie */,
				7E0F707B23DD7EF600EB1C5E /* Coach */,
				7E9F6A8923D35AEB00E78027 /* SubmitButton */,
				7E27771B23CF793900B90F80 /* UnderlineTextField */,
				7EB3C3BC23C9E4C700A2B41C /* OnBoarding */,
				7EB3C3B723C9E48A00A2B41C /* SignIn */,
				7EB3C3B623C9E47700A2B41C /* Signup */,
			);
			path = UIWidgets;
			sourceTree = "<group>";
		};
		7E5D4F5923CB4A8B0008D92D /* Model */ = {
			isa = PBXGroup;
			children = (
				7E5D4F5323CB256B0008D92D /* Member.swift */,
				7E5D4F5523CB2F3F0008D92D /* Token.swift */,
			);
			path = Model;
			sourceTree = "<group>";
		};
		7E5D4F5A23CB4AA50008D92D /* Supporting Files */ = {
			isa = PBXGroup;
			children = (
				7E68A70423B49C2D0021371D /* AppDelegate.swift */,
				7E68A70623B49C2D0021371D /* SceneDelegate.swift */,
				7E68A71223B49C2F0021371D /* Info.plist */,
				7E6E183423E33BB000E395DD /* WatNi.xcconfig */,
			);
			path = "Supporting Files";
			sourceTree = "<group>";
		};
		7E5D4F5B23CB4AB20008D92D /* Resources */ = {
			isa = PBXGroup;
			children = (
				7E27772A23D2DF3F00B90F80 /* Spoqa Han Sans Bold.ttf */,
				7E27772923D2DF3F00B90F80 /* Spoqa Han Sans Light.ttf */,
				7E27772B23D2DF3F00B90F80 /* Spoqa Han Sans Regular.ttf */,
				7E27772C23D2DF3F00B90F80 /* Spoqa Han Sans Thin.ttf */,
				7E68A70D23B49C2F0021371D /* Assets.xcassets */,
				7E68A70F23B49C2F0021371D /* LaunchScreen.storyboard */,
			);
			path = Resources;
			sourceTree = "<group>";
		};
		7E651EBE23C393C200C43CFA /* Module */ = {
			isa = PBXGroup;
			children = (
				7E0F708523DDC3CB00EB1C5E /* Error */,
				7E5D4F5923CB4A8B0008D92D /* Model */,
				7EB3C3C223C9EB7900A2B41C /* APIProvider */,
				7E0F707A23DD716D00EB1C5E /* ModelLayer */,
				7EB3C3C123C9EB7300A2B41C /* APITarget */,
				7E5D4F5123CB22EC0008D92D /* APIConfig.swift */,
				7E9F6A8A23D35B8E00E78027 /* WNColor.swift */,
			);
			path = Module;
			sourceTree = "<group>";
		};
		7E68A6F823B49C2D0021371D = {
			isa = PBXGroup;
			children = (
				7E68A70323B49C2D0021371D /* WatNi */,
				7E68A71A23B49C2F0021371D /* WatNiTests */,
				7E68A70223B49C2D0021371D /* Products */,
			);
			sourceTree = "<group>";
		};
		7E68A70223B49C2D0021371D /* Products */ = {
			isa = PBXGroup;
			children = (
				7E68A70123B49C2D0021371D /* WatNi.app */,
				7E68A71723B49C2F0021371D /* WatNiTests.xctest */,
			);
			name = Products;
			sourceTree = "<group>";
		};
		7E68A70323B49C2D0021371D /* WatNi */ = {
			isa = PBXGroup;
			children = (
				7E68A73123B4A97A0021371D /* Extensions */,
				7E68A72823B49FC90021371D /* Protocol */,
				7E651EBE23C393C200C43CFA /* Module */,
				7E5D4F5823CB4A6C0008D92D /* UIWidgets */,
				7E5D4F5B23CB4AB20008D92D /* Resources */,
				7E5D4F5A23CB4AA50008D92D /* Supporting Files */,
			);
			path = WatNi;
			sourceTree = "<group>";
		};
		7E68A71A23B49C2F0021371D /* WatNiTests */ = {
			isa = PBXGroup;
			children = (
				7E68A71D23B49C2F0021371D /* Info.plist */,
				7E68A72F23B4A0B10021371D /* SignupTests.swift */,
				7E651EC123C4EB4200C43CFA /* KeychainTests.swift */,
			);
			path = WatNiTests;
			sourceTree = "<group>";
		};
		7E68A72823B49FC90021371D /* Protocol */ = {
			isa = PBXGroup;
			children = (
				7E68A72923B49FDC0021371D /* ViewModelInjectable.swift */,
				7E27772723CF7F3000B90F80 /* HasViewModel.swift */,
			);
			path = Protocol;
			sourceTree = "<group>";
		};
		7E68A73123B4A97A0021371D /* Extensions */ = {
			isa = PBXGroup;
			children = (
				7E27771A23CF781500B90F80 /* Combine */,
				7E68A73223B4A9880021371D /* Array+Subscript.swift */,
				7E68A73423B4A9A70021371D /* NSObject+Properties.swift */,
				7E68A73623B4A9D20021371D /* UIColor+Initializers.swift */,
				7E68A73823B4AA090021371D /* UIView+Nib.swift */,
				7E27773123D2EC1D00B90F80 /* Font+Custom.swift */,
				7E9F6A8C23D360B500E78027 /* UIView+properties.swift */,
			);
			path = Extensions;
			sourceTree = "<group>";
		};
		7E6F80F323E46F9800C97F35 /* ViewModel */ = {
			isa = PBXGroup;
			children = (
				7E6F80F423E46FA200C97F35 /* CreateGroupViewModel.swift */,
				7E6F80FA23E47A7C00C97F35 /* CreateGroupCodeViewModel.swift */,
				7E6F80F623E46FB000C97F35 /* UserCodeViewModel.swift */,
			);
			path = ViewModel;
			sourceTree = "<group>";
		};
		7E6F810123E58E4900C97F35 /* Home */ = {
			isa = PBXGroup;
			children = (
				7E6F810223E58E5600C97F35 /* HomeViewController.swift */,
				7E6F810423E58EB800C97F35 /* HomeViewController.xib */,
				7E6F810623E58EC300C97F35 /* HomeViewModel.swift */,
			);
			path = Home;
			sourceTree = "<group>";
		};
		7E7A953B23E1E299000DAAE0 /* Newbie */ = {
			isa = PBXGroup;
			children = (
				7E6F80F323E46F9800C97F35 /* ViewModel */,
				7E7A953C23E1E303000DAAE0 /* NewbieViewController.swift */,
				7E7A953E23E1E31B000DAAE0 /* NewbieViewController.xib */,
				7E6F80FF23E4849400C97F35 /* NewbiewViewModelProtocol.swift */,
			);
			path = Newbie;
			sourceTree = "<group>";
		};
		7E9F6A8923D35AEB00E78027 /* SubmitButton */ = {
			isa = PBXGroup;
			children = (
				7E9F6A8723D35AE600E78027 /* SubmitButton.swift */,
			);
			path = SubmitButton;
			sourceTree = "<group>";
		};
		7EB3C3B623C9E47700A2B41C /* Signup */ = {
			isa = PBXGroup;
			children = (
				7E68A72623B49E4E0021371D /* SignupViewController.swift */,
				7E68A73A23B4AA890021371D /* SignupViewController.xib */,
				7E68A72D23B4A00B0021371D /* SignupViewModel.swift */,
			);
			path = Signup;
			sourceTree = "<group>";
		};
		7EB3C3B723C9E48A00A2B41C /* SignIn */ = {
			isa = PBXGroup;
			children = (
				7EB3C3B823C9E49700A2B41C /* SignInViewController.swift */,
				7EB3C3BA23C9E4A100A2B41C /* SignInViewController.xib */,
				7EB3C3C323C9ECF100A2B41C /* SignInViewModel.swift */,
			);
			path = SignIn;
			sourceTree = "<group>";
		};
		7EB3C3BC23C9E4C700A2B41C /* OnBoarding */ = {
			isa = PBXGroup;
			children = (
				7EB3C39223C9B9A500A2B41C /* OnBoardingViewController.swift */,
				7EB3C39423C9B9E500A2B41C /* OnBoardingViewController.xib */,
				7E7A6D3A23DDEE2D0086EF88 /* LaunchingTaskViewController.swift */,
				7E7A6D3C23DDEE510086EF88 /* LaunchingTaskViewController.xib */,
			);
			path = OnBoarding;
			sourceTree = "<group>";
		};
		7EB3C3C123C9EB7300A2B41C /* APITarget */ = {
			isa = PBXGroup;
			children = (
				7EB3C3BF23C9EAA700A2B41C /* AuthTarget.swift */,
				7E662F5323D74A9F005A68B7 /* MemberTarget.swift */,
				7E6F80F123E4672100C97F35 /* GroupTarget.swift */,
			);
			path = APITarget;
			sourceTree = "<group>";
		};
		7EB3C3C223C9EB7900A2B41C /* APIProvider */ = {
			isa = PBXGroup;
			children = (
				7E651EBF23C393E200C43CFA /* KeychainProvider.swift */,
				7EB3C3BD23C9EA8D00A2B41C /* AuthProvider.swift */,
			);
			path = APIProvider;
			sourceTree = "<group>";
		};
/* End PBXGroup section */

/* Begin PBXNativeTarget section */
		7E68A70023B49C2D0021371D /* WatNi */ = {
			isa = PBXNativeTarget;
			buildConfigurationList = 7E68A72023B49C2F0021371D /* Build configuration list for PBXNativeTarget "WatNi" */;
			buildPhases = (
				7E68A6FD23B49C2D0021371D /* Sources */,
				7E68A6FE23B49C2D0021371D /* Frameworks */,
				7E68A6FF23B49C2D0021371D /* Resources */,
				7E65E03223C0A4940021B8DD /* SwiftLint Script */,
			);
			buildRules = (
			);
			dependencies = (
			);
			name = WatNi;
			packageProductDependencies = (
				7E604FB023C1CEAB00842B72 /* Moya */,
				7E604FB323C1CF0E00842B72 /* KeychainAccess */,
				7E604FB623C1CF8A00842B72 /* Kingfisher */,
				7E6F80FD23E47CDC00C97F35 /* SwiftyJSON */,
			);
			productName = CheckThat;
			productReference = 7E68A70123B49C2D0021371D /* WatNi.app */;
			productType = "com.apple.product-type.application";
		};
		7E68A71623B49C2F0021371D /* WatNiTests */ = {
			isa = PBXNativeTarget;
			buildConfigurationList = 7E68A72323B49C2F0021371D /* Build configuration list for PBXNativeTarget "WatNiTests" */;
			buildPhases = (
				7E68A71323B49C2F0021371D /* Sources */,
				7E68A71423B49C2F0021371D /* Frameworks */,
				7E68A71523B49C2F0021371D /* Resources */,
			);
			buildRules = (
			);
			dependencies = (
				7E68A71923B49C2F0021371D /* PBXTargetDependency */,
			);
			name = WatNiTests;
			productName = CheckThatTests;
			productReference = 7E68A71723B49C2F0021371D /* WatNiTests.xctest */;
			productType = "com.apple.product-type.bundle.unit-test";
		};
/* End PBXNativeTarget section */

/* Begin PBXProject section */
		7E68A6F923B49C2D0021371D /* Project object */ = {
			isa = PBXProject;
			attributes = {
				LastSwiftUpdateCheck = 1130;
				LastUpgradeCheck = 1130;
				ORGANIZATIONNAME = hcn1519;
				TargetAttributes = {
					7E68A70023B49C2D0021371D = {
						CreatedOnToolsVersion = 11.3;
					};
					7E68A71623B49C2F0021371D = {
						CreatedOnToolsVersion = 11.3;
						TestTargetID = 7E68A70023B49C2D0021371D;
					};
				};
			};
			buildConfigurationList = 7E68A6FC23B49C2D0021371D /* Build configuration list for PBXProject "WatNi" */;
			compatibilityVersion = "Xcode 9.3";
			developmentRegion = en;
			hasScannedForEncodings = 0;
			knownRegions = (
				en,
				Base,
			);
			mainGroup = 7E68A6F823B49C2D0021371D;
			packageReferences = (
				7E604FAF23C1CEAB00842B72 /* XCRemoteSwiftPackageReference "Moya" */,
				7E604FB223C1CF0E00842B72 /* XCRemoteSwiftPackageReference "KeychainAccess" */,
				7E604FB523C1CF8A00842B72 /* XCRemoteSwiftPackageReference "Kingfisher" */,
				7E6F80FC23E47CDC00C97F35 /* XCRemoteSwiftPackageReference "SwiftyJSON" */,
			);
			productRefGroup = 7E68A70223B49C2D0021371D /* Products */;
			projectDirPath = "";
			projectRoot = "";
			targets = (
				7E68A70023B49C2D0021371D /* WatNi */,
				7E68A71623B49C2F0021371D /* WatNiTests */,
			);
		};
/* End PBXProject section */

/* Begin PBXResourcesBuildPhase section */
		7E68A6FF23B49C2D0021371D /* Resources */ = {
			isa = PBXResourcesBuildPhase;
			buildActionMask = 2147483647;
			files = (
				7E27772F23D2DF3F00B90F80 /* Spoqa Han Sans Regular.ttf in Resources */,
				7E27773023D2DF3F00B90F80 /* Spoqa Han Sans Thin.ttf in Resources */,
				7EB3C3BB23C9E4A100A2B41C /* SignInViewController.xib in Resources */,
				7E68A71123B49C2F0021371D /* LaunchScreen.storyboard in Resources */,
				7E7A6D3D23DDEE510086EF88 /* LaunchingTaskViewController.xib in Resources */,
				7E6F810523E58EB800C97F35 /* HomeViewController.xib in Resources */,
				7E27772D23D2DF3F00B90F80 /* Spoqa Han Sans Light.ttf in Resources */,
				7E7A953F23E1E31B000DAAE0 /* NewbieViewController.xib in Resources */,
				7E27772323CF7A7700B90F80 /* UnderlineTextFieldView.xib in Resources */,
				7EB3C39523C9B9E500A2B41C /* OnBoardingViewController.xib in Resources */,
				7E68A70E23B49C2F0021371D /* Assets.xcassets in Resources */,
				7E68A73B23B4AA890021371D /* SignupViewController.xib in Resources */,
				7E27772E23D2DF3F00B90F80 /* Spoqa Han Sans Bold.ttf in Resources */,
				7E0F707F23DD7FC500EB1C5E /* CoachViewController.xib in Resources */,
			);
			runOnlyForDeploymentPostprocessing = 0;
		};
		7E68A71523B49C2F0021371D /* Resources */ = {
			isa = PBXResourcesBuildPhase;
			buildActionMask = 2147483647;
			files = (
			);
			runOnlyForDeploymentPostprocessing = 0;
		};
/* End PBXResourcesBuildPhase section */

/* Begin PBXShellScriptBuildPhase section */
		7E65E03223C0A4940021B8DD /* SwiftLint Script */ = {
			isa = PBXShellScriptBuildPhase;
			buildActionMask = 2147483647;
			files = (
			);
			inputFileListPaths = (
			);
			inputPaths = (
			);
			name = "SwiftLint Script";
			outputFileListPaths = (
			);
			outputPaths = (
			);
			runOnlyForDeploymentPostprocessing = 0;
			shellPath = /bin/sh;
			shellScript = "if which swiftlint >/dev/null; then\n  swiftlint\nelse\n  echo \"warning: SwiftLint not installed, download from https://github.com/realm/SwiftLint\"\nfi  \n";
		};
/* End PBXShellScriptBuildPhase section */

/* Begin PBXSourcesBuildPhase section */
		7E68A6FD23B49C2D0021371D /* Sources */ = {
			isa = PBXSourcesBuildPhase;
			buildActionMask = 2147483647;
			files = (
				7E9F6A8B23D35B8E00E78027 /* WNColor.swift in Sources */,
				7E6F80FB23E47A7C00C97F35 /* CreateGroupCodeViewModel.swift in Sources */,
				7E68A72E23B4A00B0021371D /* SignupViewModel.swift in Sources */,
				7E68A72A23B49FDC0021371D /* ViewModelInjectable.swift in Sources */,
				7EB3C39323C9B9A500A2B41C /* OnBoardingViewController.swift in Sources */,
				7E6F80F223E4672100C97F35 /* GroupTarget.swift in Sources */,
				7E68A70523B49C2D0021371D /* AppDelegate.swift in Sources */,
				7E2776C323CB7CDD00B90F80 /* UIControl+CombineCompatible.swift in Sources */,
				7E6F810023E4849400C97F35 /* NewbiewViewModelProtocol.swift in Sources */,
				7E5D4F5223CB22EC0008D92D /* APIConfig.swift in Sources */,
				7E9F6A8D23D360B500E78027 /* UIView+properties.swift in Sources */,
				7E27772823CF7F3000B90F80 /* HasViewModel.swift in Sources */,
				7E27772623CF7DEE00B90F80 /* UnderlineTextFieldViewModel.swift in Sources */,
				7E68A73523B4A9A70021371D /* NSObject+Properties.swift in Sources */,
				7EB3C3BE23C9EA8D00A2B41C /* AuthProvider.swift in Sources */,
				7E5D4F5423CB256B0008D92D /* Member.swift in Sources */,
				7EB3C3C023C9EAA700A2B41C /* AuthTarget.swift in Sources */,
				7E6F80F723E46FB000C97F35 /* UserCodeViewModel.swift in Sources */,
				7E7A6D3B23DDEE2D0086EF88 /* LaunchingTaskViewController.swift in Sources */,
				7E2776BF23CB7BE900B90F80 /* UIControl+Subscription.swift in Sources */,
				7E7A953D23E1E303000DAAE0 /* NewbieViewController.swift in Sources */,
				7E27772123CF7A5400B90F80 /* UnderlineTextFieldView.swift in Sources */,
				7E5D4F5623CB2F3F0008D92D /* Token.swift in Sources */,
				7E68A73323B4A9880021371D /* Array+Subscript.swift in Sources */,
				7E68A72723B49E4E0021371D /* SignupViewController.swift in Sources */,
				7E651EC023C393E200C43CFA /* KeychainProvider.swift in Sources */,
				7E27773223D2EC1D00B90F80 /* Font+Custom.swift in Sources */,
				7EB3C3B923C9E49700A2B41C /* SignInViewController.swift in Sources */,
				7E68A70723B49C2D0021371D /* SceneDelegate.swift in Sources */,
				7E0F707923DD715A00EB1C5E /* MemberAccess.swift in Sources */,
				7E9F6A8823D35AE600E78027 /* SubmitButton.swift in Sources */,
				7E0F708123DD806A00EB1C5E /* CoachViewModel.swift in Sources */,
				7E662F5423D74A9F005A68B7 /* MemberTarget.swift in Sources */,
				7E0F708323DDC39100EB1C5E /* WNAuthError.swift in Sources */,
				7E0F707D23DD7FA000EB1C5E /* CoachViewController.swift in Sources */,
				7E6F80F523E46FA200C97F35 /* CreateGroupViewModel.swift in Sources */,
				7E6F810323E58E5600C97F35 /* HomeViewController.swift in Sources */,
				7E6F810723E58EC300C97F35 /* HomeViewModel.swift in Sources */,
				7E2776C123CB7C6D00B90F80 /* UIControl+Publisher.swift in Sources */,
				7E68A73923B4AA0A0021371D /* UIView+Nib.swift in Sources */,
				7E68A73723B4A9D20021371D /* UIColor+Initializers.swift in Sources */,
				7EB3C3C423C9ECF100A2B41C /* SignInViewModel.swift in Sources */,
			);
			runOnlyForDeploymentPostprocessing = 0;
		};
		7E68A71323B49C2F0021371D /* Sources */ = {
			isa = PBXSourcesBuildPhase;
			buildActionMask = 2147483647;
			files = (
				7E68A73023B4A0B10021371D /* SignupTests.swift in Sources */,
				7E651EC223C4EB4200C43CFA /* KeychainTests.swift in Sources */,
			);
			runOnlyForDeploymentPostprocessing = 0;
		};
/* End PBXSourcesBuildPhase section */

/* Begin PBXTargetDependency section */
		7E68A71923B49C2F0021371D /* PBXTargetDependency */ = {
			isa = PBXTargetDependency;
			target = 7E68A70023B49C2D0021371D /* WatNi */;
			targetProxy = 7E68A71823B49C2F0021371D /* PBXContainerItemProxy */;
		};
/* End PBXTargetDependency section */

/* Begin PBXVariantGroup section */
		7E68A70F23B49C2F0021371D /* LaunchScreen.storyboard */ = {
			isa = PBXVariantGroup;
			children = (
				7E68A71023B49C2F0021371D /* Base */,
			);
			name = LaunchScreen.storyboard;
			sourceTree = "<group>";
		};
/* End PBXVariantGroup section */

/* Begin XCBuildConfiguration section */
		7E68A71E23B49C2F0021371D /* Debug */ = {
			isa = XCBuildConfiguration;
			baseConfigurationReference = 7E6E183423E33BB000E395DD /* WatNi.xcconfig */;
			buildSettings = {
				ALWAYS_SEARCH_USER_PATHS = NO;
				CLANG_ANALYZER_NONNULL = YES;
				CLANG_ANALYZER_NUMBER_OBJECT_CONVERSION = YES_AGGRESSIVE;
				CLANG_CXX_LANGUAGE_STANDARD = "gnu++14";
				CLANG_CXX_LIBRARY = "libc++";
				CLANG_ENABLE_MODULES = YES;
				CLANG_ENABLE_OBJC_ARC = YES;
				CLANG_ENABLE_OBJC_WEAK = YES;
				CLANG_WARN_BLOCK_CAPTURE_AUTORELEASING = YES;
				CLANG_WARN_BOOL_CONVERSION = YES;
				CLANG_WARN_COMMA = YES;
				CLANG_WARN_CONSTANT_CONVERSION = YES;
				CLANG_WARN_DEPRECATED_OBJC_IMPLEMENTATIONS = YES;
				CLANG_WARN_DIRECT_OBJC_ISA_USAGE = YES_ERROR;
				CLANG_WARN_DOCUMENTATION_COMMENTS = YES;
				CLANG_WARN_EMPTY_BODY = YES;
				CLANG_WARN_ENUM_CONVERSION = YES;
				CLANG_WARN_INFINITE_RECURSION = YES;
				CLANG_WARN_INT_CONVERSION = YES;
				CLANG_WARN_NON_LITERAL_NULL_CONVERSION = YES;
				CLANG_WARN_OBJC_IMPLICIT_RETAIN_SELF = YES;
				CLANG_WARN_OBJC_LITERAL_CONVERSION = YES;
				CLANG_WARN_OBJC_ROOT_CLASS = YES_ERROR;
				CLANG_WARN_RANGE_LOOP_ANALYSIS = YES;
				CLANG_WARN_STRICT_PROTOTYPES = YES;
				CLANG_WARN_SUSPICIOUS_MOVE = YES;
				CLANG_WARN_UNGUARDED_AVAILABILITY = YES_AGGRESSIVE;
				CLANG_WARN_UNREACHABLE_CODE = YES;
				CLANG_WARN__DUPLICATE_METHOD_MATCH = YES;
				COPY_PHASE_STRIP = NO;
				DEBUG_INFORMATION_FORMAT = dwarf;
				ENABLE_STRICT_OBJC_MSGSEND = YES;
				ENABLE_TESTABILITY = YES;
				GCC_C_LANGUAGE_STANDARD = gnu11;
				GCC_DYNAMIC_NO_PIC = NO;
				GCC_NO_COMMON_BLOCKS = YES;
				GCC_OPTIMIZATION_LEVEL = 0;
				GCC_PREPROCESSOR_DEFINITIONS = (
					"DEBUG=1",
					"$(inherited)",
				);
				GCC_WARN_64_TO_32_BIT_CONVERSION = YES;
				GCC_WARN_ABOUT_RETURN_TYPE = YES_ERROR;
				GCC_WARN_UNDECLARED_SELECTOR = YES;
				GCC_WARN_UNINITIALIZED_AUTOS = YES_AGGRESSIVE;
				GCC_WARN_UNUSED_FUNCTION = YES;
				GCC_WARN_UNUSED_VARIABLE = YES;
				INFOPLIST_FILE = "$(SRCROOT)/WatNi/Supporting Files/Info.plist";
				IPHONEOS_DEPLOYMENT_TARGET = 13.0;
				MTL_ENABLE_DEBUG_INFO = INCLUDE_SOURCE;
				MTL_FAST_MATH = YES;
				ONLY_ACTIVE_ARCH = YES;
				SDKROOT = iphoneos;
				SWIFT_ACTIVE_COMPILATION_CONDITIONS = DEBUG;
				SWIFT_OPTIMIZATION_LEVEL = "-Onone";
			};
			name = Debug;
		};
		7E68A71F23B49C2F0021371D /* Release */ = {
			isa = XCBuildConfiguration;
			baseConfigurationReference = 7E6E183423E33BB000E395DD /* WatNi.xcconfig */;
			buildSettings = {
				ALWAYS_SEARCH_USER_PATHS = NO;
				CLANG_ANALYZER_NONNULL = YES;
				CLANG_ANALYZER_NUMBER_OBJECT_CONVERSION = YES_AGGRESSIVE;
				CLANG_CXX_LANGUAGE_STANDARD = "gnu++14";
				CLANG_CXX_LIBRARY = "libc++";
				CLANG_ENABLE_MODULES = YES;
				CLANG_ENABLE_OBJC_ARC = YES;
				CLANG_ENABLE_OBJC_WEAK = YES;
				CLANG_WARN_BLOCK_CAPTURE_AUTORELEASING = YES;
				CLANG_WARN_BOOL_CONVERSION = YES;
				CLANG_WARN_COMMA = YES;
				CLANG_WARN_CONSTANT_CONVERSION = YES;
				CLANG_WARN_DEPRECATED_OBJC_IMPLEMENTATIONS = YES;
				CLANG_WARN_DIRECT_OBJC_ISA_USAGE = YES_ERROR;
				CLANG_WARN_DOCUMENTATION_COMMENTS = YES;
				CLANG_WARN_EMPTY_BODY = YES;
				CLANG_WARN_ENUM_CONVERSION = YES;
				CLANG_WARN_INFINITE_RECURSION = YES;
				CLANG_WARN_INT_CONVERSION = YES;
				CLANG_WARN_NON_LITERAL_NULL_CONVERSION = YES;
				CLANG_WARN_OBJC_IMPLICIT_RETAIN_SELF = YES;
				CLANG_WARN_OBJC_LITERAL_CONVERSION = YES;
				CLANG_WARN_OBJC_ROOT_CLASS = YES_ERROR;
				CLANG_WARN_RANGE_LOOP_ANALYSIS = YES;
				CLANG_WARN_STRICT_PROTOTYPES = YES;
				CLANG_WARN_SUSPICIOUS_MOVE = YES;
				CLANG_WARN_UNGUARDED_AVAILABILITY = YES_AGGRESSIVE;
				CLANG_WARN_UNREACHABLE_CODE = YES;
				CLANG_WARN__DUPLICATE_METHOD_MATCH = YES;
				COPY_PHASE_STRIP = NO;
				DEBUG_INFORMATION_FORMAT = "dwarf-with-dsym";
				ENABLE_NS_ASSERTIONS = NO;
				ENABLE_STRICT_OBJC_MSGSEND = YES;
				GCC_C_LANGUAGE_STANDARD = gnu11;
				GCC_NO_COMMON_BLOCKS = YES;
				GCC_WARN_64_TO_32_BIT_CONVERSION = YES;
				GCC_WARN_ABOUT_RETURN_TYPE = YES_ERROR;
				GCC_WARN_UNDECLARED_SELECTOR = YES;
				GCC_WARN_UNINITIALIZED_AUTOS = YES_AGGRESSIVE;
				GCC_WARN_UNUSED_FUNCTION = YES;
				GCC_WARN_UNUSED_VARIABLE = YES;
				INFOPLIST_FILE = "$(SRCROOT)/WatNi/Supporting Files/Info.plist";
				IPHONEOS_DEPLOYMENT_TARGET = 13.0;
				MTL_ENABLE_DEBUG_INFO = NO;
				MTL_FAST_MATH = YES;
				SDKROOT = iphoneos;
				SWIFT_COMPILATION_MODE = wholemodule;
				SWIFT_OPTIMIZATION_LEVEL = "-O";
				VALIDATE_PRODUCT = YES;
			};
			name = Release;
		};
		7E68A72123B49C2F0021371D /* Debug */ = {
			isa = XCBuildConfiguration;
			buildSettings = {
				ASSETCATALOG_COMPILER_APPICON_NAME = AppIcon;
				CODE_SIGN_IDENTITY = "Apple Development";
				CODE_SIGN_STYLE = Automatic;
				DEVELOPMENT_TEAM = W6XUQ3PPN9;
				INFOPLIST_FILE = "$(SRCROOT)/WatNi/Supporting Files/Info.plist";
				LD_RUNPATH_SEARCH_PATHS = (
					"$(inherited)",
					"@executable_path/Frameworks",
				);
				PRODUCT_BUNDLE_IDENTIFIER = com.depromeet.WatNi.iOS;
				PRODUCT_NAME = "$(TARGET_NAME)";
				PROVISIONING_PROFILE_SPECIFIER = "";
				SWIFT_VERSION = 5.0;
				TARGETED_DEVICE_FAMILY = "1,2";
			};
			name = Debug;
		};
		7E68A72223B49C2F0021371D /* Release */ = {
			isa = XCBuildConfiguration;
			buildSettings = {
				ASSETCATALOG_COMPILER_APPICON_NAME = AppIcon;
				CODE_SIGN_IDENTITY = "Apple Development";
				CODE_SIGN_STYLE = Automatic;
				DEVELOPMENT_TEAM = W6XUQ3PPN9;
				INFOPLIST_FILE = "$(SRCROOT)/WatNi/Supporting Files/Info.plist";
				LD_RUNPATH_SEARCH_PATHS = (
					"$(inherited)",
					"@executable_path/Frameworks",
				);
				PRODUCT_BUNDLE_IDENTIFIER = com.depromeet.WatNi.iOS;
				PRODUCT_NAME = "$(TARGET_NAME)";
				PROVISIONING_PROFILE_SPECIFIER = "";
				SWIFT_VERSION = 5.0;
				TARGETED_DEVICE_FAMILY = "1,2";
			};
			name = Release;
		};
		7E68A72423B49C2F0021371D /* Debug */ = {
			isa = XCBuildConfiguration;
			buildSettings = {
				ALWAYS_EMBED_SWIFT_STANDARD_LIBRARIES = YES;
				BUNDLE_LOADER = "$(TEST_HOST)";
				CODE_SIGN_STYLE = Automatic;
				DEVELOPMENT_TEAM = YS62Z6WV86;
				INFOPLIST_FILE = WatNiTests/Info.plist;
				IPHONEOS_DEPLOYMENT_TARGET = 13.2;
				LD_RUNPATH_SEARCH_PATHS = (
					"$(inherited)",
					"@executable_path/Frameworks",
					"@loader_path/Frameworks",
				);
				PRODUCT_BUNDLE_IDENTIFIER = com.hcn1519.WatNiTests;
				PRODUCT_NAME = "$(TARGET_NAME)";
				SWIFT_VERSION = 5.0;
				TARGETED_DEVICE_FAMILY = "1,2";
				TEST_HOST = "$(BUILT_PRODUCTS_DIR)/WatNi.app/WatNi";
			};
			name = Debug;
		};
		7E68A72523B49C2F0021371D /* Release */ = {
			isa = XCBuildConfiguration;
			buildSettings = {
				ALWAYS_EMBED_SWIFT_STANDARD_LIBRARIES = YES;
				BUNDLE_LOADER = "$(TEST_HOST)";
				CODE_SIGN_STYLE = Automatic;
				DEVELOPMENT_TEAM = YS62Z6WV86;
				INFOPLIST_FILE = WatNiTests/Info.plist;
				IPHONEOS_DEPLOYMENT_TARGET = 13.2;
				LD_RUNPATH_SEARCH_PATHS = (
					"$(inherited)",
					"@executable_path/Frameworks",
					"@loader_path/Frameworks",
				);
				PRODUCT_BUNDLE_IDENTIFIER = com.hcn1519.WatNiTests;
				PRODUCT_NAME = "$(TARGET_NAME)";
				SWIFT_VERSION = 5.0;
				TARGETED_DEVICE_FAMILY = "1,2";
				TEST_HOST = "$(BUILT_PRODUCTS_DIR)/WatNi.app/WatNi";
			};
			name = Release;
		};
/* End XCBuildConfiguration section */

/* Begin XCConfigurationList section */
		7E68A6FC23B49C2D0021371D /* Build configuration list for PBXProject "WatNi" */ = {
			isa = XCConfigurationList;
			buildConfigurations = (
				7E68A71E23B49C2F0021371D /* Debug */,
				7E68A71F23B49C2F0021371D /* Release */,
			);
			defaultConfigurationIsVisible = 0;
			defaultConfigurationName = Release;
		};
		7E68A72023B49C2F0021371D /* Build configuration list for PBXNativeTarget "WatNi" */ = {
			isa = XCConfigurationList;
			buildConfigurations = (
				7E68A72123B49C2F0021371D /* Debug */,
				7E68A72223B49C2F0021371D /* Release */,
			);
			defaultConfigurationIsVisible = 0;
			defaultConfigurationName = Release;
		};
		7E68A72323B49C2F0021371D /* Build configuration list for PBXNativeTarget "WatNiTests" */ = {
			isa = XCConfigurationList;
			buildConfigurations = (
				7E68A72423B49C2F0021371D /* Debug */,
				7E68A72523B49C2F0021371D /* Release */,
			);
			defaultConfigurationIsVisible = 0;
			defaultConfigurationName = Release;
		};
/* End XCConfigurationList section */

/* Begin XCRemoteSwiftPackageReference section */
		7E604FAF23C1CEAB00842B72 /* XCRemoteSwiftPackageReference "Moya" */ = {
			isa = XCRemoteSwiftPackageReference;
			repositoryURL = "https://github.com/Moya/Moya.git";
			requirement = {
				kind = upToNextMajorVersion;
				minimumVersion = 13.0.1;
			};
		};
		7E604FB223C1CF0E00842B72 /* XCRemoteSwiftPackageReference "KeychainAccess" */ = {
			isa = XCRemoteSwiftPackageReference;
			repositoryURL = "https://github.com/kishikawakatsumi/KeychainAccess.git";
			requirement = {
				kind = upToNextMajorVersion;
				minimumVersion = 4.1.0;
			};
		};
		7E604FB523C1CF8A00842B72 /* XCRemoteSwiftPackageReference "Kingfisher" */ = {
			isa = XCRemoteSwiftPackageReference;
			repositoryURL = "https://github.com/onevcat/Kingfisher.git";
			requirement = {
				kind = upToNextMajorVersion;
				minimumVersion = 5.12.0;
			};
		};
		7E6F80FC23E47CDC00C97F35 /* XCRemoteSwiftPackageReference "SwiftyJSON" */ = {
			isa = XCRemoteSwiftPackageReference;
			repositoryURL = "https://github.com/SwiftyJSON/SwiftyJSON.git";
			requirement = {
				kind = upToNextMajorVersion;
				minimumVersion = 5.0.0;
			};
		};
/* End XCRemoteSwiftPackageReference section */

/* Begin XCSwiftPackageProductDependency section */
		7E604FB023C1CEAB00842B72 /* Moya */ = {
			isa = XCSwiftPackageProductDependency;
			package = 7E604FAF23C1CEAB00842B72 /* XCRemoteSwiftPackageReference "Moya" */;
			productName = Moya;
		};
		7E604FB323C1CF0E00842B72 /* KeychainAccess */ = {
			isa = XCSwiftPackageProductDependency;
			package = 7E604FB223C1CF0E00842B72 /* XCRemoteSwiftPackageReference "KeychainAccess" */;
			productName = KeychainAccess;
		};
		7E604FB623C1CF8A00842B72 /* Kingfisher */ = {
			isa = XCSwiftPackageProductDependency;
			package = 7E604FB523C1CF8A00842B72 /* XCRemoteSwiftPackageReference "Kingfisher" */;
			productName = Kingfisher;
		};
		7E6F80FD23E47CDC00C97F35 /* SwiftyJSON */ = {
			isa = XCSwiftPackageProductDependency;
			package = 7E6F80FC23E47CDC00C97F35 /* XCRemoteSwiftPackageReference "SwiftyJSON" */;
			productName = SwiftyJSON;
		};
/* End XCSwiftPackageProductDependency section */
	};
	rootObject = 7E68A6F923B49C2D0021371D /* Project object */;
}
